{
  "nodes": {
    "flake-utils": {
      "locked": {
        "lastModified": 1601282935,
        "narHash": "sha256-WQAFV6sGGQxrRs3a+/Yj9xUYvhTpukQJIcMbIi7LCJ4=",
        "owner": "numtide",
        "repo": "flake-utils",
        "rev": "588973065fce51f4763287f0fda87a174d78bf48",
        "type": "github"
      },
      "original": {
        "owner": "numtide",
        "repo": "flake-utils",
        "type": "github"
      }
    },
    "nixpkgs": {
      "locked": {
        "lastModified": 1600834745,
        "narHash": "sha256-JblQ+Io/P6oZVzMk0QhpsMNPaYDMjFaLh+lSuu7Pd5c=",
        "owner": "NixOS",
        "repo": "nixpkgs",
        "rev": "daaa0e33505082716beb52efefe3064f0332b521",
        "type": "github"
      },
      "original": {
        "owner": "NixOS",
        "ref": "nixos-unstable",
        "repo": "nixpkgs",
        "type": "github"
      }
    },
    "root": {
      "inputs": {
        "flake-utils": "flake-utils",
        "nixpkgs": "nixpkgs"
      }
    }
  },
  "root": "root",
  "version": 7
}
